
Microsoft Visual Studio Solution File, Format Version 12.00
# Visual Studio Version 16
VisualStudioVersion = 16.0.29806.167
MinimumVisualStudioVersion = 10.0.40219.1
Project("{9A19103F-16F7-4668-BE54-9A1E7A4F7556}") = "BankTransaction.Api", "BankTransaction.Api\BankTransaction.Api.csproj", "{042BD2E8-8F82-4970-98D0-8FCCA63101A0}"
EndProject
Project("{9A19103F-16F7-4668-BE54-9A1E7A4F7556}") = "BankTransaction.Api.Models", "BankTransaction.Api.Models\BankTransaction.Api.Models.csproj", "{DAC9D780-03E6-437B-B7FE-C6E7E604E81D}"
EndProject
Project("{9A19103F-16F7-4668-BE54-9A1E7A4F7556}") = "BankTransaction.BAL.Abstract", "BankTransaction.BAL.Abstract\BankTransaction.BAL.Abstract.csproj", "{B4D034C3-A563-4493-B071-41BB5A568101}"
EndProject
Project("{9A19103F-16F7-4668-BE54-9A1E7A4F7556}") = "BankTransaction.Configuration", "BankTransaction.Configuration\BankTransaction.Configuration.csproj", "{D1EB3183-634C-4463-B659-22D32877CBB5}"
EndProject
Project("{9A19103F-16F7-4668-BE54-9A1E7A4F7556}") = "BankTransaction.Models", "BankTransaction.Models\BankTransaction.Models.csproj", "{E91767B2-395A-496F-88B5-424B802CAEFE}"
EndProject
Project("{9A19103F-16F7-4668-BE54-9A1E7A4F7556}") = "BankTransaction.DAL.Implementation", "BAnkTransactionWeb.DAL\BankTransaction.DAL.Implementation.csproj", "{2D079F29-DF34-4FDC-8E56-25F8F02894B8}"
EndProject
Project("{9A19103F-16F7-4668-BE54-9A1E7A4F7556}") = "BankTransaction.BAL.Implementation", "BankTransactionWeb.BAL\BankTransaction.BAL.Implementation.csproj", "{B1EB8854-B031-456E-8C54-689D46EB221E}"
EndProject
Project("{9A19103F-16F7-4668-BE54-9A1E7A4F7556}") = "BankTransaction.Web.Localization", "BankTransaction.Web.Localization\BankTransaction.Web.Localization.csproj", "{24C7A6DD-A1B7-4F53-AF13-75AD8DE1AC03}"
EndProject
Project("{9A19103F-16F7-4668-BE54-9A1E7A4F7556}") = "BankTransaction.Web", "BankTransactionWeb\BankTransaction.Web.csproj", "{832C257C-B705-4008-AD52-C2D50B2B57D1}"
EndProject
Project("{9A19103F-16F7-4668-BE54-9A1E7A4F7556}") = "BankTransaction.Entities", "BankTransaction.Entities\BankTransaction.Entities.csproj", "{5E929796-FF23-4221-8C1A-5FC61EA8B041}"
EndProject
Project("{9A19103F-16F7-4668-BE54-9A1E7A4F7556}") = "BankTransaction.DAL.Abstract", "BankTransaction.DAL.Abstract\BankTransaction.DAL.Abstract.csproj", "{70429218-144D-4D1B-BC1E-7F9759C67BC5}"
EndProject
Project("{E53339B2-1760-4266-BCC7-CA923CBCF16C}") = "docker-compose", "docker-compose.dcproj", "{AECCA040-D73C-4739-BE0F-4D2A0F240632}"
EndProject
Global
	GlobalSection(SolutionConfigurationPlatforms) = preSolution
		Debug|Any CPU = Debug|Any CPU
		Release|Any CPU = Release|Any CPU
	EndGlobalSection
	GlobalSection(ProjectConfigurationPlatforms) = postSolution
		{042BD2E8-8F82-4970-98D0-8FCCA63101A0}.Debug|Any CPU.ActiveCfg = Debug|Any CPU
		{042BD2E8-8F82-4970-98D0-8FCCA63101A0}.Debug|Any CPU.Build.0 = Debug|Any CPU
		{042BD2E8-8F82-4970-98D0-8FCCA63101A0}.Release|Any CPU.ActiveCfg = Release|Any CPU
		{042BD2E8-8F82-4970-98D0-8FCCA63101A0}.Release|Any CPU.Build.0 = Release|Any CPU
		{DAC9D780-03E6-437B-B7FE-C6E7E604E81D}.Debug|Any CPU.ActiveCfg = Debug|Any CPU
		{DAC9D780-03E6-437B-B7FE-C6E7E604E81D}.Debug|Any CPU.Build.0 = Debug|Any CPU
		{DAC9D780-03E6-437B-B7FE-C6E7E604E81D}.Release|Any CPU.ActiveCfg = Release|Any CPU
		{DAC9D780-03E6-437B-B7FE-C6E7E604E81D}.Release|Any CPU.Build.0 = Release|Any CPU
		{B4D034C3-A563-4493-B071-41BB5A568101}.Debug|Any CPU.ActiveCfg = Debug|Any CPU
		{B4D034C3-A563-4493-B071-41BB5A568101}.Debug|Any CPU.Build.0 = Debug|Any CPU
		{B4D034C3-A563-4493-B071-41BB5A568101}.Release|Any CPU.ActiveCfg = Release|Any CPU
		{B4D034C3-A563-4493-B071-41BB5A568101}.Release|Any CPU.Build.0 = Release|Any CPU
		{D1EB3183-634C-4463-B659-22D32877CBB5}.Debug|Any CPU.ActiveCfg = Debug|Any CPU
		{D1EB3183-634C-4463-B659-22D32877CBB5}.Debug|Any CPU.Build.0 = Debug|Any CPU
		{D1EB3183-634C-4463-B659-22D32877CBB5}.Release|Any CPU.ActiveCfg = Release|Any CPU
		{D1EB3183-634C-4463-B659-22D32877CBB5}.Release|Any CPU.Build.0 = Release|Any CPU
		{E91767B2-395A-496F-88B5-424B802CAEFE}.Debug|Any CPU.ActiveCfg = Debug|Any CPU
		{E91767B2-395A-496F-88B5-424B802CAEFE}.Debug|Any CPU.Build.0 = Debug|Any CPU
		{E91767B2-395A-496F-88B5-424B802CAEFE}.Release|Any CPU.ActiveCfg = Release|Any CPU
		{E91767B2-395A-496F-88B5-424B802CAEFE}.Release|Any CPU.Build.0 = Release|Any CPU
		{2D079F29-DF34-4FDC-8E56-25F8F02894B8}.Debug|Any CPU.ActiveCfg = Debug|Any CPU
		{2D079F29-DF34-4FDC-8E56-25F8F02894B8}.Debug|Any CPU.Build.0 = Debug|Any CPU
		{2D079F29-DF34-4FDC-8E56-25F8F02894B8}.Release|Any CPU.ActiveCfg = Release|Any CPU
		{2D079F29-DF34-4FDC-8E56-25F8F02894B8}.Release|Any CPU.Build.0 = Release|Any CPU
		{B1EB8854-B031-456E-8C54-689D46EB221E}.Debug|Any CPU.ActiveCfg = Debug|Any CPU
		{B1EB8854-B031-456E-8C54-689D46EB221E}.Debug|Any CPU.Build.0 = Debug|Any CPU
		{B1EB8854-B031-456E-8C54-689D46EB221E}.Release|Any CPU.ActiveCfg = Release|Any CPU
		{B1EB8854-B031-456E-8C54-689D46EB221E}.Release|Any CPU.Build.0 = Release|Any CPU
		{24C7A6DD-A1B7-4F53-AF13-75AD8DE1AC03}.Debug|Any CPU.ActiveCfg = Debug|Any CPU
		{24C7A6DD-A1B7-4F53-AF13-75AD8DE1AC03}.Debug|Any CPU.Build.0 = Debug|Any CPU
		{24C7A6DD-A1B7-4F53-AF13-75AD8DE1AC03}.Release|Any CPU.ActiveCfg = Release|Any CPU
		{24C7A6DD-A1B7-4F53-AF13-75AD8DE1AC03}.Release|Any CPU.Build.0 = Release|Any CPU
		{832C257C-B705-4008-AD52-C2D50B2B57D1}.Debug|Any CPU.ActiveCfg = Debug|Any CPU
		{832C257C-B705-4008-AD52-C2D50B2B57D1}.Debug|Any CPU.Build.0 = Debug|Any CPU
		{832C257C-B705-4008-AD52-C2D50B2B57D1}.Release|Any CPU.ActiveCfg = Release|Any CPU
		{832C257C-B705-4008-AD52-C2D50B2B57D1}.Release|Any CPU.Build.0 = Release|Any CPU
		{5E929796-FF23-4221-8C1A-5FC61EA8B041}.Debug|Any CPU.ActiveCfg = Debug|Any CPU
		{5E929796-FF23-4221-8C1A-5FC61EA8B041}.Debug|Any CPU.Build.0 = Debug|Any CPU
		{5E929796-FF23-4221-8C1A-5FC61EA8B041}.Release|Any CPU.ActiveCfg = Release|Any CPU
		{5E929796-FF23-4221-8C1A-5FC61EA8B041}.Release|Any CPU.Build.0 = Release|Any CPU
		{70429218-144D-4D1B-BC1E-7F9759C67BC5}.Debug|Any CPU.ActiveCfg = Debug|Any CPU
		{70429218-144D-4D1B-BC1E-7F9759C67BC5}.Debug|Any CPU.Build.0 = Debug|Any CPU
		{70429218-144D-4D1B-BC1E-7F9759C67BC5}.Release|Any CPU.ActiveCfg = Release|Any CPU
		{70429218-144D-4D1B-BC1E-7F9759C67BC5}.Release|Any CPU.Build.0 = Release|Any CPU
		{AECCA040-D73C-4739-BE0F-4D2A0F240632}.Debug|Any CPU.ActiveCfg = Debug|Any CPU
		{AECCA040-D73C-4739-BE0F-4D2A0F240632}.Debug|Any CPU.Build.0 = Debug|Any CPU
		{AECCA040-D73C-4739-BE0F-4D2A0F240632}.Release|Any CPU.ActiveCfg = Release|Any CPU
		{AECCA040-D73C-4739-BE0F-4D2A0F240632}.Release|Any CPU.Build.0 = Release|Any CPU
	EndGlobalSection
	GlobalSection(SolutionProperties) = preSolution
		HideSolutionNode = FALSE
	EndGlobalSection
	GlobalSection(ExtensibilityGlobals) = postSolution
		SolutionGuid = {08538E84-AAD3-4981-BC6A-70A24E01E2A3}
	EndGlobalSection
EndGlobal
